{
  "name": "private-repo",
  "version": "1.0.0",
  "lockfileVersion": 2,
  "requires": true,
  "packages": {
    "": {
      "name": "private-repo",
      "version": "1.0.0",
      "license": "ISC",
      "dependencies": {
        "nice-try": "^3.0.1"
      }
    },
    "node_modules/nice-try": {
      "version": "3.0.1",
      "resolved": "https://registry.npmjs.org/nice-try/-/nice-try-3.0.1.tgz",
      "integrity": "sha512-Fge6ClHO5v/z/tN31B2wlCPfRm289/ag1O2oi+EWNdAhxOZqGW1fWsisROvUuXaE7UEAYdd+upiAMvz57bK2MQ=="
    }
  },
  "dependencies": {
    "nice-try": {
      "version": "3.0.1",
      "resolved": "https://registry.npmjs.org/nice-try/-/nice-try-3.0.1.tgz",
      "integrity": "sha512-Fge6ClHO5v/z/tN31B2wlCPfRm289/ag1O2oi+EWNdAhxOZqGW1fWsisROvUuXaE7UEAYdd+upiAMvz57bK2MQ=="
    }
  }
}
